
Microsoft Visual Studio Solution File, Format Version 12.00
# Visual Studio 15
VisualStudioVersion = 15.0.28307.779
MinimumVisualStudioVersion = 10.0.40219.1
Project("{FAE04EC0-301F-11D3-BF4B-00C04F79EFBC}") = "LSudermanAssignment3", "LSudermanAssignment3\LSudermanAssignment3.csproj", "{90826B25-5E09-4F72-94E8-B7D46FA598D4}"
EndProject
Global
	GlobalSection(SolutionConfigurationPlatforms) = preSolution
		Debug|Any CPU = Debug|Any CPU
		Release|Any CPU = Release|Any CPU
	EndGlobalSection
	GlobalSection(ProjectConfigurationPlatforms) = postSolution
		{90826B25-5E09-4F72-94E8-B7D46FA598D4}.Debug|Any CPU.ActiveCfg = Debug|Any CPU
		{90826B25-5E09-4F72-94E8-B7D46FA598D4}.Debug|Any CPU.Build.0 = Debug|Any CPU
		{90826B25-5E09-4F72-94E8-B7D46FA598D4}.Release|Any CPU.ActiveCfg = Release|Any CPU
		{90826B25-5E09-4F72-94E8-B7D46FA598D4}.Release|Any CPU.Build.0 = Release|Any CPU
	EndGlobalSection
	GlobalSection(SolutionProperties) = preSolution
		HideSolutionNode = FALSE
	EndGlobalSection
	GlobalSection(ExtensibilityGlobals) = postSolution
		SolutionGuid = {38A00472-2B22-4D4E-80A3-6459F0DEE20F}
	EndGlobalSection
EndGlobal
